
Microsoft Visual Studio Solution File, Format Version 12.00
# Visual Studio Version 17
VisualStudioVersion = 17.6.33829.357
MinimumVisualStudioVersion = 10.0.40219.1
Project("{FAE04EC0-301F-11D3-BF4B-00C04F79EFBC}") = "tic-tac-toe", "tic-tac-toe\tic-tac-toe.csproj", "{A74CD1BF-8EF8-4072-97B2-6B5B7AEA579E}"
EndProject
Global
	GlobalSection(SolutionConfigurationPlatforms) = preSolution
		Debug|Any CPU = Debug|Any CPU
		Release|Any CPU = Release|Any CPU
	EndGlobalSection
	GlobalSection(ProjectConfigurationPlatforms) = postSolution
		{A74CD1BF-8EF8-4072-97B2-6B5B7AEA579E}.Debug|Any CPU.ActiveCfg = Debug|Any CPU
		{A74CD1BF-8EF8-4072-97B2-6B5B7AEA579E}.Debug|Any CPU.Build.0 = Debug|Any CPU
		{A74CD1BF-8EF8-4072-97B2-6B5B7AEA579E}.Release|Any CPU.ActiveCfg = Release|Any CPU
		{A74CD1BF-8EF8-4072-97B2-6B5B7AEA579E}.Release|Any CPU.Build.0 = Release|Any CPU
	EndGlobalSection
	GlobalSection(SolutionProperties) = preSolution
		HideSolutionNode = FALSE
	EndGlobalSection
	GlobalSection(ExtensibilityGlobals) = postSolution
		SolutionGuid = {FFDF103C-95A5-4670-BC2B-FEC7A10674BB}
	EndGlobalSection
EndGlobal
